// !$*UTF8*$!
{
	archiveVersion = 1;
	classes = {
	};
	objectVersion = 56;
	objects = {

/* Begin PBXBuildFile section */
		F55C4E0D2C985A0B0023B4A1 /* AppDelegate.swift in Sources */ = {isa = PBXBuildFile; fileRef = F55C4E0C2C985A0B0023B4A1 /* AppDelegate.swift */; };
		F55C4E0F2C985A0B0023B4A1 /* SceneDelegate.swift in Sources */ = {isa = PBXBuildFile; fileRef = F55C4E0E2C985A0B0023B4A1 /* SceneDelegate.swift */; };
		F55C4E112C985A0B0023B4A1 /* ViewController.swift in Sources */ = {isa = PBXBuildFile; fileRef = F55C4E102C985A0B0023B4A1 /* ViewController.swift */; };
		F55C4E142C985A0B0023B4A1 /* Base in Resources */ = {isa = PBXBuildFile; fileRef = F55C4E132C985A0B0023B4A1 /* Base */; };
		F55C4E162C985A0C0023B4A1 /* Assets.xcassets in Resources */ = {isa = PBXBuildFile; fileRef = F55C4E152C985A0C0023B4A1 /* Assets.xcassets */; };
		F55C4E192C985A0C0023B4A1 /* Base in Resources */ = {isa = PBXBuildFile; fileRef = F55C4E182C985A0C0023B4A1 /* Base */; };
		F55C4E242C985A0C0023B4A1 /* CityWeatherTests.swift in Sources */ = {isa = PBXBuildFile; fileRef = F55C4E232C985A0C0023B4A1 /* CityWeatherTests.swift */; };
		F55C4E2E2C985A0C0023B4A1 /* CityWeatherUITests.swift in Sources */ = {isa = PBXBuildFile; fileRef = F55C4E2D2C985A0C0023B4A1 /* CityWeatherUITests.swift */; };
		F55C4E302C985A0C0023B4A1 /* CityWeatherUITestsLaunchTests.swift in Sources */ = {isa = PBXBuildFile; fileRef = F55C4E2F2C985A0C0023B4A1 /* CityWeatherUITestsLaunchTests.swift */; };
		F55C4E3F2C985AE60023B4A1 /* WeatherResponse.swift in Sources */ = {isa = PBXBuildFile; fileRef = F55C4E3E2C985AE60023B4A1 /* WeatherResponse.swift */; };
		F55C4E432C985FE40023B4A1 /* NetwrokServices.swift in Sources */ = {isa = PBXBuildFile; fileRef = F55C4E422C985FE40023B4A1 /* NetwrokServices.swift */; };
		F593F3B82C98BAE8009EB95A /* Constants.swift in Sources */ = {isa = PBXBuildFile; fileRef = F593F3B72C98BAE8009EB95A /* Constants.swift */; };
/* End PBXBuildFile section */

/* Begin PBXContainerItemProxy section */
		F55C4E202C985A0C0023B4A1 /* PBXContainerItemProxy */ = {
			isa = PBXContainerItemProxy;
			containerPortal = F55C4E012C985A0B0023B4A1 /* Project object */;
			proxyType = 1;
			remoteGlobalIDString = F55C4E082C985A0B0023B4A1;
			remoteInfo = CityWeather;
		};
		F55C4E2A2C985A0C0023B4A1 /* PBXContainerItemProxy */ = {
			isa = PBXContainerItemProxy;
			containerPortal = F55C4E012C985A0B0023B4A1 /* Project object */;
			proxyType = 1;
			remoteGlobalIDString = F55C4E082C985A0B0023B4A1;
			remoteInfo = CityWeather;
		};
/* End PBXContainerItemProxy section */

/* Begin PBXFileReference section */
		F55C4E092C985A0B0023B4A1 /* CityWeather.app */ = {isa = PBXFileReference; explicitFileType = wrapper.application; includeInIndex = 0; path = CityWeather.app; sourceTree = BUILT_PRODUCTS_DIR; };
		F55C4E0C2C985A0B0023B4A1 /* AppDelegate.swift */ = {isa = PBXFileReference; lastKnownFileType = sourcecode.swift; path = AppDelegate.swift; sourceTree = "<group>"; };
		F55C4E0E2C985A0B0023B4A1 /* SceneDelegate.swift */ = {isa = PBXFileReference; lastKnownFileType = sourcecode.swift; path = SceneDelegate.swift; sourceTree = "<group>"; };
		F55C4E102C985A0B0023B4A1 /* ViewController.swift */ = {isa = PBXFileReference; lastKnownFileType = sourcecode.swift; path = ViewController.swift; sourceTree = "<group>"; };
		F55C4E132C985A0B0023B4A1 /* Base */ = {isa = PBXFileReference; lastKnownFileType = file.storyboard; name = Base; path = Base.lproj/Main.storyboard; sourceTree = "<group>"; };
		F55C4E152C985A0C0023B4A1 /* Assets.xcassets */ = {isa = PBXFileReference; lastKnownFileType = folder.assetcatalog; path = Assets.xcassets; sourceTree = "<group>"; };
		F55C4E182C985A0C0023B4A1 /* Base */ = {isa = PBXFileReference; lastKnownFileType = file.storyboard; name = Base; path = Base.lproj/LaunchScreen.storyboard; sourceTree = "<group>"; };
		F55C4E1A2C985A0C0023B4A1 /* Info.plist */ = {isa = PBXFileReference; lastKnownFileType = text.plist.xml; path = Info.plist; sourceTree = "<group>"; };
		F55C4E1F2C985A0C0023B4A1 /* CityWeatherTests.xctest */ = {isa = PBXFileReference; explicitFileType = wrapper.cfbundle; includeInIndex = 0; path = CityWeatherTests.xctest; sourceTree = BUILT_PRODUCTS_DIR; };
		F55C4E232C985A0C0023B4A1 /* CityWeatherTests.swift */ = {isa = PBXFileReference; lastKnownFileType = sourcecode.swift; path = CityWeatherTests.swift; sourceTree = "<group>"; };
		F55C4E292C985A0C0023B4A1 /* CityWeatherUITests.xctest */ = {isa = PBXFileReference; explicitFileType = wrapper.cfbundle; includeInIndex = 0; path = CityWeatherUITests.xctest; sourceTree = BUILT_PRODUCTS_DIR; };
		F55C4E2D2C985A0C0023B4A1 /* CityWeatherUITests.swift */ = {isa = PBXFileReference; lastKnownFileType = sourcecode.swift; path = CityWeatherUITests.swift; sourceTree = "<group>"; };
		F55C4E2F2C985A0C0023B4A1 /* CityWeatherUITestsLaunchTests.swift */ = {isa = PBXFileReference; lastKnownFileType = sourcecode.swift; path = CityWeatherUITestsLaunchTests.swift; sourceTree = "<group>"; };
		F55C4E3E2C985AE60023B4A1 /* WeatherResponse.swift */ = {isa = PBXFileReference; lastKnownFileType = sourcecode.swift; path = WeatherResponse.swift; sourceTree = "<group>"; };
		F55C4E422C985FE40023B4A1 /* NetwrokServices.swift */ = {isa = PBXFileReference; lastKnownFileType = sourcecode.swift; path = NetwrokServices.swift; sourceTree = "<group>"; };
		F593F3B72C98BAE8009EB95A /* Constants.swift */ = {isa = PBXFileReference; lastKnownFileType = sourcecode.swift; path = Constants.swift; sourceTree = "<group>"; };
/* End PBXFileReference section */

/* Begin PBXFrameworksBuildPhase section */
		F55C4E062C985A0B0023B4A1 /* Frameworks */ = {
			isa = PBXFrameworksBuildPhase;
			buildActionMask = 2147483647;
			files = (
			);
			runOnlyForDeploymentPostprocessing = 0;
		};
		F55C4E1C2C985A0C0023B4A1 /* Frameworks */ = {
			isa = PBXFrameworksBuildPhase;
			buildActionMask = 2147483647;
			files = (
			);
			runOnlyForDeploymentPostprocessing = 0;
		};
		F55C4E262C985A0C0023B4A1 /* Frameworks */ = {
			isa = PBXFrameworksBuildPhase;
			buildActionMask = 2147483647;
			files = (
			);
			runOnlyForDeploymentPostprocessing = 0;
		};
/* End PBXFrameworksBuildPhase section */

/* Begin PBXGroup section */
		F55C4E002C985A0B0023B4A1 = {
			isa = PBXGroup;
			children = (
				F55C4E0B2C985A0B0023B4A1 /* CityWeather */,
				F55C4E222C985A0C0023B4A1 /* CityWeatherTests */,
				F55C4E2C2C985A0C0023B4A1 /* CityWeatherUITests */,
				F55C4E0A2C985A0B0023B4A1 /* Products */,
			);
			sourceTree = "<group>";
		};
		F55C4E0A2C985A0B0023B4A1 /* Products */ = {
			isa = PBXGroup;
			children = (
				F55C4E092C985A0B0023B4A1 /* CityWeather.app */,
				F55C4E1F2C985A0C0023B4A1 /* CityWeatherTests.xctest */,
				F55C4E292C985A0C0023B4A1 /* CityWeatherUITests.xctest */,
			);
			name = Products;
			sourceTree = "<group>";
		};
		F55C4E0B2C985A0B0023B4A1 /* CityWeather */ = {
			isa = PBXGroup;
			children = (
				F55C4E0C2C985A0B0023B4A1 /* AppDelegate.swift */,
				F55C4E0E2C985A0B0023B4A1 /* SceneDelegate.swift */,
				F55C4E102C985A0B0023B4A1 /* ViewController.swift */,
				F55C4E3D2C985AA30023B4A1 /* DataModels */,
				F55C4E402C985E560023B4A1 /* Utility */,
				F55C4E122C985A0B0023B4A1 /* Main.storyboard */,
				F55C4E152C985A0C0023B4A1 /* Assets.xcassets */,
				F55C4E172C985A0C0023B4A1 /* LaunchScreen.storyboard */,
				F55C4E1A2C985A0C0023B4A1 /* Info.plist */,
			);
			path = CityWeather;
			sourceTree = "<group>";
		};
		F55C4E222C985A0C0023B4A1 /* CityWeatherTests */ = {
			isa = PBXGroup;
			children = (
				F55C4E232C985A0C0023B4A1 /* CityWeatherTests.swift */,
			);
			path = CityWeatherTests;
			sourceTree = "<group>";
		};
		F55C4E2C2C985A0C0023B4A1 /* CityWeatherUITests */ = {
			isa = PBXGroup;
			children = (
				F55C4E2D2C985A0C0023B4A1 /* CityWeatherUITests.swift */,
				F55C4E2F2C985A0C0023B4A1 /* CityWeatherUITestsLaunchTests.swift */,
			);
			path = CityWeatherUITests;
			sourceTree = "<group>";
		};
		F55C4E3D2C985AA30023B4A1 /* DataModels */ = {
			isa = PBXGroup;
			children = (
				F55C4E3E2C985AE60023B4A1 /* WeatherResponse.swift */,
			);
			path = DataModels;
			sourceTree = "<group>";
		};
		F55C4E402C985E560023B4A1 /* Utility */ = {
			isa = PBXGroup;
			children = (
				F593F3B62C98BACF009EB95A /* Constants */,
				F55C4E412C985E690023B4A1 /* NetworkServices */,
			);
			path = Utility;
			sourceTree = "<group>";
		};
		F55C4E412C985E690023B4A1 /* NetworkServices */ = {
			isa = PBXGroup;
			children = (
				F55C4E422C985FE40023B4A1 /* NetwrokServices.swift */,
			);
			path = NetworkServices;
			sourceTree = "<group>";
		};
		F593F3B62C98BACF009EB95A /* Constants */ = {
			isa = PBXGroup;
			children = (
				F593F3B72C98BAE8009EB95A /* Constants.swift */,
			);
			path = Constants;
			sourceTree = "<group>";
		};
/* End PBXGroup section */

/* Begin PBXNativeTarget section */
		F55C4E082C985A0B0023B4A1 /* CityWeather */ = {
			isa = PBXNativeTarget;
			buildConfigurationList = F55C4E332C985A0C0023B4A1 /* Build configuration list for PBXNativeTarget "CityWeather" */;
			buildPhases = (
				F55C4E052C985A0B0023B4A1 /* Sources */,
				F55C4E062C985A0B0023B4A1 /* Frameworks */,
				F55C4E072C985A0B0023B4A1 /* Resources */,
			);
			buildRules = (
			);
			dependencies = (
			);
			name = CityWeather;
			productName = CityWeather;
			productReference = F55C4E092C985A0B0023B4A1 /* CityWeather.app */;
			productType = "com.apple.product-type.application";
		};
		F55C4E1E2C985A0C0023B4A1 /* CityWeatherTests */ = {
			isa = PBXNativeTarget;
			buildConfigurationList = F55C4E362C985A0C0023B4A1 /* Build configuration list for PBXNativeTarget "CityWeatherTests" */;
			buildPhases = (
				F55C4E1B2C985A0C0023B4A1 /* Sources */,
				F55C4E1C2C985A0C0023B4A1 /* Frameworks */,
				F55C4E1D2C985A0C0023B4A1 /* Resources */,
			);
			buildRules = (
			);
			dependencies = (
				F55C4E212C985A0C0023B4A1 /* PBXTargetDependency */,
			);
			name = CityWeatherTests;
			productName = CityWeatherTests;
			productReference = F55C4E1F2C985A0C0023B4A1 /* CityWeatherTests.xctest */;
			productType = "com.apple.product-type.bundle.unit-test";
		};
		F55C4E282C985A0C0023B4A1 /* CityWeatherUITests */ = {
			isa = PBXNativeTarget;
			buildConfigurationList = F55C4E392C985A0C0023B4A1 /* Build configuration list for PBXNativeTarget "CityWeatherUITests" */;
			buildPhases = (
				F55C4E252C985A0C0023B4A1 /* Sources */,
				F55C4E262C985A0C0023B4A1 /* Frameworks */,
				F55C4E272C985A0C0023B4A1 /* Resources */,
			);
			buildRules = (
			);
			dependencies = (
				F55C4E2B2C985A0C0023B4A1 /* PBXTargetDependency */,
			);
			name = CityWeatherUITests;
			productName = CityWeatherUITests;
			productReference = F55C4E292C985A0C0023B4A1 /* CityWeatherUITests.xctest */;
			productType = "com.apple.product-type.bundle.ui-testing";
		};
/* End PBXNativeTarget section */

/* Begin PBXProject section */
		F55C4E012C985A0B0023B4A1 /* Project object */ = {
			isa = PBXProject;
			attributes = {
				BuildIndependentTargetsInParallel = 1;
				LastSwiftUpdateCheck = 1540;
				LastUpgradeCheck = 1540;
				TargetAttributes = {
					F55C4E082C985A0B0023B4A1 = {
						CreatedOnToolsVersion = 15.4;
					};
					F55C4E1E2C985A0C0023B4A1 = {
						CreatedOnToolsVersion = 15.4;
						TestTargetID = F55C4E082C985A0B0023B4A1;
					};
					F55C4E282C985A0C0023B4A1 = {
						CreatedOnToolsVersion = 15.4;
						TestTargetID = F55C4E082C985A0B0023B4A1;
					};
				};
			};
			buildConfigurationList = F55C4E042C985A0B0023B4A1 /* Build configuration list for PBXProject "CityWeather" */;
			compatibilityVersion = "Xcode 14.0";
			developmentRegion = en;
			hasScannedForEncodings = 0;
			knownRegions = (
				en,
				Base,
			);
			mainGroup = F55C4E002C985A0B0023B4A1;
			productRefGroup = F55C4E0A2C985A0B0023B4A1 /* Products */;
			projectDirPath = "";
			projectRoot = "";
			targets = (
				F55C4E082C985A0B0023B4A1 /* CityWeather */,
				F55C4E1E2C985A0C0023B4A1 /* CityWeatherTests */,
				F55C4E282C985A0C0023B4A1 /* CityWeatherUITests */,
			);
		};
/* End PBXProject section */

/* Begin PBXResourcesBuildPhase section */
		F55C4E072C985A0B0023B4A1 /* Resources */ = {
			isa = PBXResourcesBuildPhase;
			buildActionMask = 2147483647;
			files = (
				F55C4E162C985A0C0023B4A1 /* Assets.xcassets in Resources */,
				F55C4E192C985A0C0023B4A1 /* Base in Resources */,
				F55C4E142C985A0B0023B4A1 /* Base in Resources */,
			);
			runOnlyForDeploymentPostprocessing = 0;
		};
		F55C4E1D2C985A0C0023B4A1 /* Resources */ = {
			isa = PBXResourcesBuildPhase;
			buildActionMask = 2147483647;
			files = (
			);
			runOnlyForDeploymentPostprocessing = 0;
		};
		F55C4E272C985A0C0023B4A1 /* Resources */ = {
			isa = PBXResourcesBuildPhase;
			buildActionMask = 2147483647;
			files = (
			);
			runOnlyForDeploymentPostprocessing = 0;
		};
/* End PBXResourcesBuildPhase section */

/* Begin PBXSourcesBuildPhase section */
		F55C4E052C985A0B0023B4A1 /* Sources */ = {
			isa = PBXSourcesBuildPhase;
			buildActionMask = 2147483647;
			files = (
				F55C4E112C985A0B0023B4A1 /* ViewController.swift in Sources */,
				F55C4E0D2C985A0B0023B4A1 /* AppDelegate.swift in Sources */,
				F55C4E0F2C985A0B0023B4A1 /* SceneDelegate.swift in Sources */,
				F55C4E432C985FE40023B4A1 /* NetwrokServices.swift in Sources */,
				F55C4E3F2C985AE60023B4A1 /* WeatherResponse.swift in Sources */,
				F593F3B82C98BAE8009EB95A /* Constants.swift in Sources */,
			);
			runOnlyForDeploymentPostprocessing = 0;
		};
		F55C4E1B2C985A0C0023B4A1 /* Sources */ = {
			isa = PBXSourcesBuildPhase;
			buildActionMask = 2147483647;
			files = (
				F55C4E242C985A0C0023B4A1 /* CityWeatherTests.swift in Sources */,
			);
			runOnlyForDeploymentPostprocessing = 0;
		};
		F55C4E252C985A0C0023B4A1 /* Sources */ = {
			isa = PBXSourcesBuildPhase;
			buildActionMask = 2147483647;
			files = (
				F55C4E302C985A0C0023B4A1 /* CityWeatherUITestsLaunchTests.swift in Sources */,
				F55C4E2E2C985A0C0023B4A1 /* CityWeatherUITests.swift in Sources */,
			);
			runOnlyForDeploymentPostprocessing = 0;
		};
/* End PBXSourcesBuildPhase section */

/* Begin PBXTargetDependency section */
		F55C4E212C985A0C0023B4A1 /* PBXTargetDependency */ = {
			isa = PBXTargetDependency;
			target = F55C4E082C985A0B0023B4A1 /* CityWeather */;
			targetProxy = F55C4E202C985A0C0023B4A1 /* PBXContainerItemProxy */;
		};
		F55C4E2B2C985A0C0023B4A1 /* PBXTargetDependency */ = {
			isa = PBXTargetDependency;
			target = F55C4E082C985A0B0023B4A1 /* CityWeather */;
			targetProxy = F55C4E2A2C985A0C0023B4A1 /* PBXContainerItemProxy */;
		};
/* End PBXTargetDependency section */

/* Begin PBXVariantGroup section */
		F55C4E122C985A0B0023B4A1 /* Main.storyboard */ = {
			isa = PBXVariantGroup;
			children = (
				F55C4E132C985A0B0023B4A1 /* Base */,
			);
			name = Main.storyboard;
			sourceTree = "<group>";
		};
		F55C4E172C985A0C0023B4A1 /* LaunchScreen.storyboard */ = {
			isa = PBXVariantGroup;
			children = (
				F55C4E182C985A0C0023B4A1 /* Base */,
			);
			name = LaunchScreen.storyboard;
			sourceTree = "<group>";
		};
/* End PBXVariantGroup section */

/* Begin XCBuildConfiguration section */
		F55C4E312C985A0C0023B4A1 /* Debug */ = {
			isa = XCBuildConfiguration;
			buildSettings = {
				ALWAYS_SEARCH_USER_PATHS = NO;
				ASSETCATALOG_COMPILER_GENERATE_SWIFT_ASSET_SYMBOL_EXTENSIONS = YES;
				CLANG_ANALYZER_NONNULL = YES;
				CLANG_ANALYZER_NUMBER_OBJECT_CONVERSION = YES_AGGRESSIVE;
				CLANG_CXX_LANGUAGE_STANDARD = "gnu++20";
				CLANG_ENABLE_MODULES = YES;
				CLANG_ENABLE_OBJC_ARC = YES;
				CLANG_ENABLE_OBJC_WEAK = YES;
				CLANG_WARN_BLOCK_CAPTURE_AUTORELEASING = YES;
				CLANG_WARN_BOOL_CONVERSION = YES;
				CLANG_WARN_COMMA = YES;
				CLANG_WARN_CONSTANT_CONVERSION = YES;
				CLANG_WARN_DEPRECATED_OBJC_IMPLEMENTATIONS = YES;
				CLANG_WARN_DIRECT_OBJC_ISA_USAGE = YES_ERROR;
				CLANG_WARN_DOCUMENTATION_COMMENTS = YES;
				CLANG_WARN_EMPTY_BODY = YES;
				CLANG_WARN_ENUM_CONVERSION = YES;
				CLANG_WARN_INFINITE_RECURSION = YES;
				CLANG_WARN_INT_CONVERSION = YES;
				CLANG_WARN_NON_LITERAL_NULL_CONVERSION = YES;
				CLANG_WARN_OBJC_IMPLICIT_RETAIN_SELF = YES;
				CLANG_WARN_OBJC_LITERAL_CONVERSION = YES;
				CLANG_WARN_OBJC_ROOT_CLASS = YES_ERROR;
				CLANG_WARN_QUOTED_INCLUDE_IN_FRAMEWORK_HEADER = YES;
				CLANG_WARN_RANGE_LOOP_ANALYSIS = YES;
				CLANG_WARN_STRICT_PROTOTYPES = YES;
				CLANG_WARN_SUSPICIOUS_MOVE = YES;
				CLANG_WARN_UNGUARDED_AVAILABILITY = YES_AGGRESSIVE;
				CLANG_WARN_UNREACHABLE_CODE = YES;
				CLANG_WARN__DUPLICATE_METHOD_MATCH = YES;
				COPY_PHASE_STRIP = NO;
				DEBUG_INFORMATION_FORMAT = dwarf;
				ENABLE_STRICT_OBJC_MSGSEND = YES;
				ENABLE_TESTABILITY = YES;
				ENABLE_USER_SCRIPT_SANDBOXING = YES;
				GCC_C_LANGUAGE_STANDARD = gnu17;
				GCC_DYNAMIC_NO_PIC = NO;
				GCC_NO_COMMON_BLOCKS = YES;
				GCC_OPTIMIZATION_LEVEL = 0;
				GCC_PREPROCESSOR_DEFINITIONS = (
					"DEBUG=1",
					"$(inherited)",
				);
				GCC_WARN_64_TO_32_BIT_CONVERSION = YES;
				GCC_WARN_ABOUT_RETURN_TYPE = YES_ERROR;
				GCC_WARN_UNDECLARED_SELECTOR = YES;
				GCC_WARN_UNINITIALIZED_AUTOS = YES_AGGRESSIVE;
				GCC_WARN_UNUSED_FUNCTION = YES;
				GCC_WARN_UNUSED_VARIABLE = YES;
				IPHONEOS_DEPLOYMENT_TARGET = 17.5;
				LOCALIZATION_PREFERS_STRING_CATALOGS = YES;
				MTL_ENABLE_DEBUG_INFO = INCLUDE_SOURCE;
				MTL_FAST_MATH = YES;
				ONLY_ACTIVE_ARCH = YES;
				SDKROOT = iphoneos;
				SWIFT_ACTIVE_COMPILATION_CONDITIONS = "DEBUG $(inherited)";
				SWIFT_OPTIMIZATION_LEVEL = "-Onone";
			};
			name = Debug;
		};
		F55C4E322C985A0C0023B4A1 /* Release */ = {
			isa = XCBuildConfiguration;
			buildSettings = {
				ALWAYS_SEARCH_USER_PATHS = NO;
				ASSETCATALOG_COMPILER_GENERATE_SWIFT_ASSET_SYMBOL_EXTENSIONS = YES;
				CLANG_ANALYZER_NONNULL = YES;
				CLANG_ANALYZER_NUMBER_OBJECT_CONVERSION = YES_AGGRESSIVE;
				CLANG_CXX_LANGUAGE_STANDARD = "gnu++20";
				CLANG_ENABLE_MODULES = YES;
				CLANG_ENABLE_OBJC_ARC = YES;
				CLANG_ENABLE_OBJC_WEAK = YES;
				CLANG_WARN_BLOCK_CAPTURE_AUTORELEASING = YES;
				CLANG_WARN_BOOL_CONVERSION = YES;
				CLANG_WARN_COMMA = YES;
				CLANG_WARN_CONSTANT_CONVERSION = YES;
				CLANG_WARN_DEPRECATED_OBJC_IMPLEMENTATIONS = YES;
				CLANG_WARN_DIRECT_OBJC_ISA_USAGE = YES_ERROR;
				CLANG_WARN_DOCUMENTATION_COMMENTS = YES;
				CLANG_WARN_EMPTY_BODY = YES;
				CLANG_WARN_ENUM_CONVERSION = YES;
				CLANG_WARN_INFINITE_RECURSION = YES;
				CLANG_WARN_INT_CONVERSION = YES;
				CLANG_WARN_NON_LITERAL_NULL_CONVERSION = YES;
				CLANG_WARN_OBJC_IMPLICIT_RETAIN_SELF = YES;
				CLANG_WARN_OBJC_LITERAL_CONVERSION = YES;
				CLANG_WARN_OBJC_ROOT_CLASS = YES_ERROR;
				CLANG_WARN_QUOTED_INCLUDE_IN_FRAMEWORK_HEADER = YES;
				CLANG_WARN_RANGE_LOOP_ANALYSIS = YES;
				CLANG_WARN_STRICT_PROTOTYPES = YES;
				CLANG_WARN_SUSPICIOUS_MOVE = YES;
				CLANG_WARN_UNGUARDED_AVAILABILITY = YES_AGGRESSIVE;
				CLANG_WARN_UNREACHABLE_CODE = YES;
				CLANG_WARN__DUPLICATE_METHOD_MATCH = YES;
				COPY_PHASE_STRIP = NO;
				DEBUG_INFORMATION_FORMAT = "dwarf-with-dsym";
				ENABLE_NS_ASSERTIONS = NO;
				ENABLE_STRICT_OBJC_MSGSEND = YES;
				ENABLE_USER_SCRIPT_SANDBOXING = YES;
				GCC_C_LANGUAGE_STANDARD = gnu17;
				GCC_NO_COMMON_BLOCKS = YES;
				GCC_WARN_64_TO_32_BIT_CONVERSION = YES;
				GCC_WARN_ABOUT_RETURN_TYPE = YES_ERROR;
				GCC_WARN_UNDECLARED_SELECTOR = YES;
				GCC_WARN_UNINITIALIZED_AUTOS = YES_AGGRESSIVE;
				GCC_WARN_UNUSED_FUNCTION = YES;
				GCC_WARN_UNUSED_VARIABLE = YES;
				IPHONEOS_DEPLOYMENT_TARGET = 17.5;
				LOCALIZATION_PREFERS_STRING_CATALOGS = YES;
				MTL_ENABLE_DEBUG_INFO = NO;
				MTL_FAST_MATH = YES;
				SDKROOT = iphoneos;
				SWIFT_COMPILATION_MODE = wholemodule;
				VALIDATE_PRODUCT = YES;
			};
			name = Release;
		};
		F55C4E342C985A0C0023B4A1 /* Debug */ = {
			isa = XCBuildConfiguration;
			buildSettings = {
				ASSETCATALOG_COMPILER_APPICON_NAME = AppIcon;
				ASSETCATALOG_COMPILER_GLOBAL_ACCENT_COLOR_NAME = AccentColor;
				CODE_SIGN_STYLE = Automatic;
				CURRENT_PROJECT_VERSION = 1;
				DEVELOPMENT_TEAM = 9K7U354QBX;
				GENERATE_INFOPLIST_FILE = YES;
				INFOPLIST_FILE = CityWeather/Info.plist;
				INFOPLIST_KEY_UIApplicationSupportsIndirectInputEvents = YES;
				INFOPLIST_KEY_UILaunchStoryboardName = LaunchScreen;
				INFOPLIST_KEY_UIMainStoryboardFile = Main;
				INFOPLIST_KEY_UISupportedInterfaceOrientations_iPad = "UIInterfaceOrientationPortrait UIInterfaceOrientationPortraitUpsideDown UIInterfaceOrientationLandscapeLeft UIInterfaceOrientationLandscapeRight";
				INFOPLIST_KEY_UISupportedInterfaceOrientations_iPhone = "UIInterfaceOrientationPortrait UIInterfaceOrientationLandscapeLeft UIInterfaceOrientationLandscapeRight";
				LD_RUNPATH_SEARCH_PATHS = (
					"$(inherited)",
					"@executable_path/Frameworks",
				);
				MARKETING_VERSION = 1.0;
				PRODUCT_BUNDLE_IDENTIFIER = chen.CityWeather;
				PRODUCT_NAME = "$(TARGET_NAME)";
				SWIFT_EMIT_LOC_STRINGS = YES;
				SWIFT_VERSION = 5.0;
				TARGETED_DEVICE_FAMILY = "1,2";
			};
			name = Debug;
		};
		F55C4E352C985A0C0023B4A1 /* Release */ = {
			isa = XCBuildConfiguration;
			buildSettings = {
				ASSETCATALOG_COMPILER_APPICON_NAME = AppIcon;
				ASSETCATALOG_COMPILER_GLOBAL_ACCENT_COLOR_NAME = AccentColor;
				CODE_SIGN_STYLE = Automatic;
				CURRENT_PROJECT_VERSION = 1;
				DEVELOPMENT_TEAM = 9K7U354QBX;
				GENERATE_INFOPLIST_FILE = YES;
				INFOPLIST_FILE = CityWeather/Info.plist;
				INFOPLIST_KEY_UIApplicationSupportsIndirectInputEvents = YES;
				INFOPLIST_KEY_UILaunchStoryboardName = LaunchScreen;
				INFOPLIST_KEY_UIMainStoryboardFile = Main;
				INFOPLIST_KEY_UISupportedInterfaceOrientations_iPad = "UIInterfaceOrientationPortrait UIInterfaceOrientationPortraitUpsideDown UIInterfaceOrientationLandscapeLeft UIInterfaceOrientationLandscapeRight";
				INFOPLIST_KEY_UISupportedInterfaceOrientations_iPhone = "UIInterfaceOrientationPortrait UIInterfaceOrientationLandscapeLeft UIInterfaceOrientationLandscapeRight";
				LD_RUNPATH_SEARCH_PATHS = (
					"$(inherited)",
					"@executable_path/Frameworks",
				);
				MARKETING_VERSION = 1.0;
				PRODUCT_BUNDLE_IDENTIFIER = chen.CityWeather;
				PRODUCT_NAME = "$(TARGET_NAME)";
				SWIFT_EMIT_LOC_STRINGS = YES;
				SWIFT_VERSION = 5.0;
				TARGETED_DEVICE_FAMILY = "1,2";
			};
			name = Release;
		};
		F55C4E372C985A0C0023B4A1 /* Debug */ = {
			isa = XCBuildConfiguration;
			buildSettings = {
				ALWAYS_EMBED_SWIFT_STANDARD_LIBRARIES = YES;
				BUNDLE_LOADER = "$(TEST_HOST)";
				CODE_SIGN_STYLE = Automatic;
				CURRENT_PROJECT_VERSION = 1;
				DEVELOPMENT_TEAM = 9K7U354QBX;
				GENERATE_INFOPLIST_FILE = YES;
				IPHONEOS_DEPLOYMENT_TARGET = 17.5;
				MARKETING_VERSION = 1.0;
				PRODUCT_BUNDLE_IDENTIFIER = chen.CityWeatherTests;
				PRODUCT_NAME = "$(TARGET_NAME)";
				SWIFT_EMIT_LOC_STRINGS = NO;
				SWIFT_VERSION = 5.0;
				TARGETED_DEVICE_FAMILY = "1,2";
				TEST_HOST = "$(BUILT_PRODUCTS_DIR)/CityWeather.app/$(BUNDLE_EXECUTABLE_FOLDER_PATH)/CityWeather";
			};
			name = Debug;
		};
		F55C4E382C985A0C0023B4A1 /* Release */ = {
			isa = XCBuildConfiguration;
			buildSettings = {
				ALWAYS_EMBED_SWIFT_STANDARD_LIBRARIES = YES;
				BUNDLE_LOADER = "$(TEST_HOST)";
				CODE_SIGN_STYLE = Automatic;
				CURRENT_PROJECT_VERSION = 1;
				DEVELOPMENT_TEAM = 9K7U354QBX;
				GENERATE_INFOPLIST_FILE = YES;
				IPHONEOS_DEPLOYMENT_TARGET = 17.5;
				MARKETING_VERSION = 1.0;
				PRODUCT_BUNDLE_IDENTIFIER = chen.CityWeatherTests;
				PRODUCT_NAME = "$(TARGET_NAME)";
				SWIFT_EMIT_LOC_STRINGS = NO;
				SWIFT_VERSION = 5.0;
				TARGETED_DEVICE_FAMILY = "1,2";
				TEST_HOST = "$(BUILT_PRODUCTS_DIR)/CityWeather.app/$(BUNDLE_EXECUTABLE_FOLDER_PATH)/CityWeather";
			};
			name = Release;
		};
		F55C4E3A2C985A0C0023B4A1 /* Debug */ = {
			isa = XCBuildConfiguration;
			buildSettings = {
				ALWAYS_EMBED_SWIFT_STANDARD_LIBRARIES = YES;
				CODE_SIGN_STYLE = Automatic;
				CURRENT_PROJECT_VERSION = 1;
				DEVELOPMENT_TEAM = 9K7U354QBX;
				GENERATE_INFOPLIST_FILE = YES;
				MARKETING_VERSION = 1.0;
				PRODUCT_BUNDLE_IDENTIFIER = chen.CityWeatherUITests;
				PRODUCT_NAME = "$(TARGET_NAME)";
				SWIFT_EMIT_LOC_STRINGS = NO;
				SWIFT_VERSION = 5.0;
				TARGETED_DEVICE_FAMILY = "1,2";
				TEST_TARGET_NAME = CityWeather;
			};
			name = Debug;
		};
		F55C4E3B2C985A0C0023B4A1 /* Release */ = {
			isa = XCBuildConfiguration;
			buildSettings = {
				ALWAYS_EMBED_SWIFT_STANDARD_LIBRARIES = YES;
				CODE_SIGN_STYLE = Automatic;
				CURRENT_PROJECT_VERSION = 1;
				DEVELOPMENT_TEAM = 9K7U354QBX;
				GENERATE_INFOPLIST_FILE = YES;
				MARKETING_VERSION = 1.0;
				PRODUCT_BUNDLE_IDENTIFIER = chen.CityWeatherUITests;
				PRODUCT_NAME = "$(TARGET_NAME)";
				SWIFT_EMIT_LOC_STRINGS = NO;
				SWIFT_VERSION = 5.0;
				TARGETED_DEVICE_FAMILY = "1,2";
				TEST_TARGET_NAME = CityWeather;
			};
			name = Release;
		};
/* End XCBuildConfiguration section */

/* Begin XCConfigurationList section */
		F55C4E042C985A0B0023B4A1 /* Build configuration list for PBXProject "CityWeather" */ = {
			isa = XCConfigurationList;
			buildConfigurations = (
				F55C4E312C985A0C0023B4A1 /* Debug */,
				F55C4E322C985A0C0023B4A1 /* Release */,
			);
			defaultConfigurationIsVisible = 0;
			defaultConfigurationName = Release;
		};
		F55C4E332C985A0C0023B4A1 /* Build configuration list for PBXNativeTarget "CityWeather" */ = {
			isa = XCConfigurationList;
			buildConfigurations = (
				F55C4E342C985A0C0023B4A1 /* Debug */,
				F55C4E352C985A0C0023B4A1 /* Release */,
			);
			defaultConfigurationIsVisible = 0;
			defaultConfigurationName = Release;
		};
		F55C4E362C985A0C0023B4A1 /* Build configuration list for PBXNativeTarget "CityWeatherTests" */ = {
			isa = XCConfigurationList;
			buildConfigurations = (
				F55C4E372C985A0C0023B4A1 /* Debug */,
				F55C4E382C985A0C0023B4A1 /* Release */,
			);
			defaultConfigurationIsVisible = 0;
			defaultConfigurationName = Release;
		};
		F55C4E392C985A0C0023B4A1 /* Build configuration list for PBXNativeTarget "CityWeatherUITests" */ = {
			isa = XCConfigurationList;
			buildConfigurations = (
				F55C4E3A2C985A0C0023B4A1 /* Debug */,
				F55C4E3B2C985A0C0023B4A1 /* Release */,
			);
			defaultConfigurationIsVisible = 0;
			defaultConfigurationName = Release;
		};
/* End XCConfigurationList section */
	};
	rootObject = F55C4E012C985A0B0023B4A1 /* Project object */;
}
